
Microsoft Visual Studio Solution File, Format Version 12.00
# Visual Studio Version 17
VisualStudioVersion = 17.7.34202.233
MinimumVisualStudioVersion = 10.0.40219.1
Project("{FAE04EC0-301F-11D3-BF4B-00C04F79EFBC}") = "Backend", "Backend\Backend.csproj", "{0DEFD336-1744-434E-B5E9-B238C96DDA18}"
EndProject
Project("{FAE04EC0-301F-11D3-BF4B-00C04F79EFBC}") = "WebAPI", "WebAPI\WebAPI.csproj", "{CD93837B-C038-4FEF-9B6A-FF43781E3C8D}"
EndProject
Project("{FAE04EC0-301F-11D3-BF4B-00C04F79EFBC}") = "App", "App\App.csproj", "{EC46F202-CEDC-437B-870E-871E343537FC}"
EndProject
Global
	GlobalSection(SolutionConfigurationPlatforms) = preSolution
		Debug|Any CPU = Debug|Any CPU
		Release|Any CPU = Release|Any CPU
	EndGlobalSection
	GlobalSection(ProjectConfigurationPlatforms) = postSolution
		{0DEFD336-1744-434E-B5E9-B238C96DDA18}.Debug|Any CPU.ActiveCfg = Debug|Any CPU
		{0DEFD336-1744-434E-B5E9-B238C96DDA18}.Debug|Any CPU.Build.0 = Debug|Any CPU
		{0DEFD336-1744-434E-B5E9-B238C96DDA18}.Release|Any CPU.ActiveCfg = Release|Any CPU
		{0DEFD336-1744-434E-B5E9-B238C96DDA18}.Release|Any CPU.Build.0 = Release|Any CPU
		{CD93837B-C038-4FEF-9B6A-FF43781E3C8D}.Debug|Any CPU.ActiveCfg = Debug|Any CPU
		{CD93837B-C038-4FEF-9B6A-FF43781E3C8D}.Debug|Any CPU.Build.0 = Debug|Any CPU
		{CD93837B-C038-4FEF-9B6A-FF43781E3C8D}.Release|Any CPU.ActiveCfg = Release|Any CPU
		{CD93837B-C038-4FEF-9B6A-FF43781E3C8D}.Release|Any CPU.Build.0 = Release|Any CPU
		{EC46F202-CEDC-437B-870E-871E343537FC}.Debug|Any CPU.ActiveCfg = Debug|Any CPU
		{EC46F202-CEDC-437B-870E-871E343537FC}.Debug|Any CPU.Build.0 = Debug|Any CPU
		{EC46F202-CEDC-437B-870E-871E343537FC}.Debug|Any CPU.Deploy.0 = Debug|Any CPU
		{EC46F202-CEDC-437B-870E-871E343537FC}.Release|Any CPU.ActiveCfg = Release|Any CPU
		{EC46F202-CEDC-437B-870E-871E343537FC}.Release|Any CPU.Build.0 = Release|Any CPU
		{EC46F202-CEDC-437B-870E-871E343537FC}.Release|Any CPU.Deploy.0 = Release|Any CPU
	EndGlobalSection
	GlobalSection(SolutionProperties) = preSolution
		HideSolutionNode = FALSE
	EndGlobalSection
	GlobalSection(ExtensibilityGlobals) = postSolution
		SolutionGuid = {5FD9E2C6-DB2F-477C-9ED9-43549D66A421}
	EndGlobalSection
EndGlobal
